
Microsoft Visual Studio Solution File, Format Version 12.00
# Visual Studio Version 16
VisualStudioVersion = 16.0.30413.136
MinimumVisualStudioVersion = 10.0.40219.1
Project("{9A19103F-16F7-4668-BE54-9A1E7A4F7556}") = "Taskr.Core", "Taskr.Core.csproj", "{F41853FB-D040-410D-85EA-1B1BE08B773B}"
EndProject
Project("{9A19103F-16F7-4668-BE54-9A1E7A4F7556}") = "Taskr.WPF", "..\Taskr.WPF\Taskr.WPF.csproj", "{DCC33FDB-C982-4D62-ABAD-7830F17B6740}"
	ProjectSection(ProjectDependencies) = postProject
		{F9449C2C-30DC-4272-B464-2C8889234A4C} = {F9449C2C-30DC-4272-B464-2C8889234A4C}
	EndProjectSection
EndProject
Project("{9A19103F-16F7-4668-BE54-9A1E7A4F7556}") = "Taskr.Tests", "..\Taskr.Tests\Taskr.Tests.csproj", "{52AB3D85-3512-4C14-AF82-1111D3A9B83C}"
EndProject
Project("{FAE04EC0-301F-11D3-BF4B-00C04F79EFBC}") = "CCL", "..\CCL\CCL.csproj", "{446B3673-373D-4BAF-A925-819C67A30D28}"
EndProject
Project("{FAE04EC0-301F-11D3-BF4B-00C04F79EFBC}") = "UCL", "..\UCL\UCL.csproj", "{F9449C2C-30DC-4272-B464-2C8889234A4C}"
EndProject
Global
	GlobalSection(SolutionConfigurationPlatforms) = preSolution
		Debug|Any CPU = Debug|Any CPU
		Release|Any CPU = Release|Any CPU
	EndGlobalSection
	GlobalSection(ProjectConfigurationPlatforms) = postSolution
		{F41853FB-D040-410D-85EA-1B1BE08B773B}.Debug|Any CPU.ActiveCfg = Debug|Any CPU
		{F41853FB-D040-410D-85EA-1B1BE08B773B}.Debug|Any CPU.Build.0 = Debug|Any CPU
		{F41853FB-D040-410D-85EA-1B1BE08B773B}.Release|Any CPU.ActiveCfg = Release|Any CPU
		{F41853FB-D040-410D-85EA-1B1BE08B773B}.Release|Any CPU.Build.0 = Release|Any CPU
		{DCC33FDB-C982-4D62-ABAD-7830F17B6740}.Debug|Any CPU.ActiveCfg = Debug|Any CPU
		{DCC33FDB-C982-4D62-ABAD-7830F17B6740}.Debug|Any CPU.Build.0 = Debug|Any CPU
		{DCC33FDB-C982-4D62-ABAD-7830F17B6740}.Release|Any CPU.ActiveCfg = Release|Any CPU
		{DCC33FDB-C982-4D62-ABAD-7830F17B6740}.Release|Any CPU.Build.0 = Release|Any CPU
		{52AB3D85-3512-4C14-AF82-1111D3A9B83C}.Debug|Any CPU.ActiveCfg = Debug|Any CPU
		{52AB3D85-3512-4C14-AF82-1111D3A9B83C}.Debug|Any CPU.Build.0 = Debug|Any CPU
		{52AB3D85-3512-4C14-AF82-1111D3A9B83C}.Release|Any CPU.ActiveCfg = Release|Any CPU
		{52AB3D85-3512-4C14-AF82-1111D3A9B83C}.Release|Any CPU.Build.0 = Release|Any CPU
		{446B3673-373D-4BAF-A925-819C67A30D28}.Debug|Any CPU.ActiveCfg = Debug|Any CPU
		{446B3673-373D-4BAF-A925-819C67A30D28}.Debug|Any CPU.Build.0 = Debug|Any CPU
		{446B3673-373D-4BAF-A925-819C67A30D28}.Release|Any CPU.ActiveCfg = Release|Any CPU
		{446B3673-373D-4BAF-A925-819C67A30D28}.Release|Any CPU.Build.0 = Release|Any CPU
		{F9449C2C-30DC-4272-B464-2C8889234A4C}.Debug|Any CPU.ActiveCfg = Debug|Any CPU
		{F9449C2C-30DC-4272-B464-2C8889234A4C}.Debug|Any CPU.Build.0 = Debug|Any CPU
		{F9449C2C-30DC-4272-B464-2C8889234A4C}.Release|Any CPU.ActiveCfg = Release|Any CPU
		{F9449C2C-30DC-4272-B464-2C8889234A4C}.Release|Any CPU.Build.0 = Release|Any CPU
	EndGlobalSection
	GlobalSection(SolutionProperties) = preSolution
		HideSolutionNode = FALSE
	EndGlobalSection
	GlobalSection(ExtensibilityGlobals) = postSolution
		SolutionGuid = {2D32B34C-F10F-4B15-822B-B7DE6882908D}
	EndGlobalSection
EndGlobal
